// !$*UTF8*$!
{
	archiveVersion = 1;
	classes = {
	};
	objectVersion = 46;
	objects = {

/* Begin PBXBuildFile section */
		7553F78B1ABF1E0747C8BF7F /* Pods_MovieViewer.framework in Frameworks */ = {isa = PBXBuildFile; fileRef = 4C26968E10DB2B6943D940FF /* Pods_MovieViewer.framework */; };
		995FAAE51DADC72700B9E722 /* AppDelegate.swift in Sources */ = {isa = PBXBuildFile; fileRef = 995FAAE41DADC72700B9E722 /* AppDelegate.swift */; };
		995FAAEA1DADC72700B9E722 /* Main.storyboard in Resources */ = {isa = PBXBuildFile; fileRef = 995FAAE81DADC72700B9E722 /* Main.storyboard */; };
		995FAAEC1DADC72700B9E722 /* Assets.xcassets in Resources */ = {isa = PBXBuildFile; fileRef = 995FAAEB1DADC72700B9E722 /* Assets.xcassets */; };
		995FAAEF1DADC72700B9E722 /* LaunchScreen.storyboard in Resources */ = {isa = PBXBuildFile; fileRef = 995FAAED1DADC72700B9E722 /* LaunchScreen.storyboard */; };
		995FAAF71DADC79700B9E722 /* MoviesViewController.swift in Sources */ = {isa = PBXBuildFile; fileRef = 995FAAF61DADC79700B9E722 /* MoviesViewController.swift */; };
		995FAAFA1DADF9D000B9E722 /* MovieCell.swift in Sources */ = {isa = PBXBuildFile; fileRef = 995FAAF91DADF9D000B9E722 /* MovieCell.swift */; };
		99DEFEAE1DB191DD0001BE4D /* MovieCollectionViewCell.swift in Sources */ = {isa = PBXBuildFile; fileRef = 99DEFEAD1DB191DD0001BE4D /* MovieCollectionViewCell.swift */; };
		99EE8BA01DAEB9DC00B0734C /* DetailViewController.swift in Sources */ = {isa = PBXBuildFile; fileRef = 99EE8B9F1DAEB9DC00B0734C /* DetailViewController.swift */; };
/* End PBXBuildFile section */

/* Begin PBXFileReference section */
		3021F94CBCD902837ADC2775 /* Pods-MovieViewer.release.xcconfig */ = {isa = PBXFileReference; includeInIndex = 1; lastKnownFileType = text.xcconfig; name = "Pods-MovieViewer.release.xcconfig"; path = "Pods/Target Support Files/Pods-MovieViewer/Pods-MovieViewer.release.xcconfig"; sourceTree = "<group>"; };
		4C26968E10DB2B6943D940FF /* Pods_MovieViewer.framework */ = {isa = PBXFileReference; explicitFileType = wrapper.framework; includeInIndex = 0; path = Pods_MovieViewer.framework; sourceTree = BUILT_PRODUCTS_DIR; };
		5E78203087265FFAB5A8AFFF /* Pods-MovieViewer.debug.xcconfig */ = {isa = PBXFileReference; includeInIndex = 1; lastKnownFileType = text.xcconfig; name = "Pods-MovieViewer.debug.xcconfig"; path = "Pods/Target Support Files/Pods-MovieViewer/Pods-MovieViewer.debug.xcconfig"; sourceTree = "<group>"; };
		995FAAE11DADC72700B9E722 /* MovieViewer.app */ = {isa = PBXFileReference; explicitFileType = wrapper.application; includeInIndex = 0; path = MovieViewer.app; sourceTree = BUILT_PRODUCTS_DIR; };
		995FAAE41DADC72700B9E722 /* AppDelegate.swift */ = {isa = PBXFileReference; lastKnownFileType = sourcecode.swift; path = AppDelegate.swift; sourceTree = "<group>"; };
		995FAAE91DADC72700B9E722 /* Base */ = {isa = PBXFileReference; lastKnownFileType = file.storyboard; name = Base; path = Base.lproj/Main.storyboard; sourceTree = "<group>"; };
		995FAAEB1DADC72700B9E722 /* Assets.xcassets */ = {isa = PBXFileReference; lastKnownFileType = folder.assetcatalog; path = Assets.xcassets; sourceTree = "<group>"; };
		995FAAEE1DADC72700B9E722 /* Base */ = {isa = PBXFileReference; lastKnownFileType = file.storyboard; name = Base; path = Base.lproj/LaunchScreen.storyboard; sourceTree = "<group>"; };
		995FAAF01DADC72700B9E722 /* Info.plist */ = {isa = PBXFileReference; lastKnownFileType = text.plist.xml; path = Info.plist; sourceTree = "<group>"; };
		995FAAF61DADC79700B9E722 /* MoviesViewController.swift */ = {isa = PBXFileReference; fileEncoding = 4; lastKnownFileType = sourcecode.swift; path = MoviesViewController.swift; sourceTree = "<group>"; };
		995FAAF91DADF9D000B9E722 /* MovieCell.swift */ = {isa = PBXFileReference; fileEncoding = 4; lastKnownFileType = sourcecode.swift; path = MovieCell.swift; sourceTree = "<group>"; };
		99DEFEAD1DB191DD0001BE4D /* MovieCollectionViewCell.swift */ = {isa = PBXFileReference; fileEncoding = 4; lastKnownFileType = sourcecode.swift; path = MovieCollectionViewCell.swift; sourceTree = "<group>"; };
		99EE8B9F1DAEB9DC00B0734C /* DetailViewController.swift */ = {isa = PBXFileReference; fileEncoding = 4; lastKnownFileType = sourcecode.swift; path = DetailViewController.swift; sourceTree = "<group>"; };
/* End PBXFileReference section */

/* Begin PBXFrameworksBuildPhase section */
		995FAADE1DADC72700B9E722 /* Frameworks */ = {
			isa = PBXFrameworksBuildPhase;
			buildActionMask = 2147483647;
			files = (
				7553F78B1ABF1E0747C8BF7F /* Pods_MovieViewer.framework in Frameworks */,
			);
			runOnlyForDeploymentPostprocessing = 0;
		};
/* End PBXFrameworksBuildPhase section */

/* Begin PBXGroup section */
		1FDDA38CA895A182BF0ECB85 /* Frameworks */ = {
			isa = PBXGroup;
			children = (
				4C26968E10DB2B6943D940FF /* Pods_MovieViewer.framework */,
			);
			name = Frameworks;
			sourceTree = "<group>";
		};
		7B27D7CF27094B0B22AC92EA /* Pods */ = {
			isa = PBXGroup;
			children = (
				5E78203087265FFAB5A8AFFF /* Pods-MovieViewer.debug.xcconfig */,
				3021F94CBCD902837ADC2775 /* Pods-MovieViewer.release.xcconfig */,
			);
			name = Pods;
			sourceTree = "<group>";
		};
		995FAAD81DADC72700B9E722 = {
			isa = PBXGroup;
			children = (
				995FAAE31DADC72700B9E722 /* MovieViewer */,
				995FAAE21DADC72700B9E722 /* Products */,
				7B27D7CF27094B0B22AC92EA /* Pods */,
				1FDDA38CA895A182BF0ECB85 /* Frameworks */,
			);
			sourceTree = "<group>";
		};
		995FAAE21DADC72700B9E722 /* Products */ = {
			isa = PBXGroup;
			children = (
				995FAAE11DADC72700B9E722 /* MovieViewer.app */,
			);
			name = Products;
			sourceTree = "<group>";
		};
		995FAAE31DADC72700B9E722 /* MovieViewer */ = {
			isa = PBXGroup;
			children = (
				995FAAFB1DADF9D700B9E722 /* View Controllers */,
				995FAAF81DADF80400B9E722 /* Views */,
				995FAAE41DADC72700B9E722 /* AppDelegate.swift */,
				995FAAE81DADC72700B9E722 /* Main.storyboard */,
				995FAAEB1DADC72700B9E722 /* Assets.xcassets */,
				995FAAED1DADC72700B9E722 /* LaunchScreen.storyboard */,
				995FAAF01DADC72700B9E722 /* Info.plist */,
			);
			path = MovieViewer;
			sourceTree = "<group>";
		};
		995FAAF81DADF80400B9E722 /* Views */ = {
			isa = PBXGroup;
			children = (
				995FAAF91DADF9D000B9E722 /* MovieCell.swift */,
				99DEFEAD1DB191DD0001BE4D /* MovieCollectionViewCell.swift */,
			);
			name = Views;
			sourceTree = "<group>";
		};
		995FAAFB1DADF9D700B9E722 /* View Controllers */ = {
			isa = PBXGroup;
			children = (
				995FAAF61DADC79700B9E722 /* MoviesViewController.swift */,
				99EE8B9F1DAEB9DC00B0734C /* DetailViewController.swift */,
			);
			name = "View Controllers";
			sourceTree = "<group>";
		};
/* End PBXGroup section */

/* Begin PBXNativeTarget section */
		995FAAE01DADC72700B9E722 /* MovieViewer */ = {
			isa = PBXNativeTarget;
			buildConfigurationList = 995FAAF31DADC72700B9E722 /* Build configuration list for PBXNativeTarget "MovieViewer" */;
			buildPhases = (
				63EABD71AB92179038B02BB1 /* [CP] Check Pods Manifest.lock */,
				995FAADD1DADC72700B9E722 /* Sources */,
				995FAADE1DADC72700B9E722 /* Frameworks */,
				995FAADF1DADC72700B9E722 /* Resources */,
				9C7B897F9BC80BF298F2AEB3 /* [CP] Embed Pods Frameworks */,
				1740E002990C419EFC4EDBF2 /* [CP] Copy Pods Resources */,
			);
			buildRules = (
			);
			dependencies = (
			);
			name = MovieViewer;
			productName = MovieViewer;
			productReference = 995FAAE11DADC72700B9E722 /* MovieViewer.app */;
			productType = "com.apple.product-type.application";
		};
/* End PBXNativeTarget section */

/* Begin PBXProject section */
		995FAAD91DADC72700B9E722 /* Project object */ = {
			isa = PBXProject;
			attributes = {
				LastSwiftUpdateCheck = 0800;
				LastUpgradeCheck = 0800;
				ORGANIZATIONNAME = "Singh, Jagdeep";
				TargetAttributes = {
					995FAAE01DADC72700B9E722 = {
						CreatedOnToolsVersion = 8.0;
						DevelopmentTeam = 25UQP5NM3X;
						ProvisioningStyle = Automatic;
					};
				};
			};
			buildConfigurationList = 995FAADC1DADC72700B9E722 /* Build configuration list for PBXProject "MovieViewer" */;
			compatibilityVersion = "Xcode 3.2";
			developmentRegion = English;
			hasScannedForEncodings = 0;
			knownRegions = (
				en,
				Base,
			);
			mainGroup = 995FAAD81DADC72700B9E722;
			productRefGroup = 995FAAE21DADC72700B9E722 /* Products */;
			projectDirPath = "";
			projectRoot = "";
			targets = (
				995FAAE01DADC72700B9E722 /* MovieViewer */,
			);
		};
/* End PBXProject section */

/* Begin PBXResourcesBuildPhase section */
		995FAADF1DADC72700B9E722 /* Resources */ = {
			isa = PBXResourcesBuildPhase;
			buildActionMask = 2147483647;
			files = (
				995FAAEF1DADC72700B9E722 /* LaunchScreen.storyboard in Resources */,
				995FAAEC1DADC72700B9E722 /* Assets.xcassets in Resources */,
				995FAAEA1DADC72700B9E722 /* Main.storyboard in Resources */,
			);
			runOnlyForDeploymentPostprocessing = 0;
		};
/* End PBXResourcesBuildPhase section */

/* Begin PBXShellScriptBuildPhase section */
		1740E002990C419EFC4EDBF2 /* [CP] Copy Pods Resources */ = {
			isa = PBXShellScriptBuildPhase;
			buildActionMask = 2147483647;
			files = (
			);
			inputPaths = (
			);
			name = "[CP] Copy Pods Resources";
			outputPaths = (
			);
			runOnlyForDeploymentPostprocessing = 0;
			shellPath = /bin/sh;
			shellScript = "\"${SRCROOT}/Pods/Target Support Files/Pods-MovieViewer/Pods-MovieViewer-resources.sh\"\n";
			showEnvVarsInLog = 0;
		};
		63EABD71AB92179038B02BB1 /* [CP] Check Pods Manifest.lock */ = {
			isa = PBXShellScriptBuildPhase;
			buildActionMask = 2147483647;
			files = (
			);
			inputPaths = (
			);
			name = "[CP] Check Pods Manifest.lock";
			outputPaths = (
			);
			runOnlyForDeploymentPostprocessing = 0;
			shellPath = /bin/sh;
			shellScript = "diff \"${PODS_ROOT}/../Podfile.lock\" \"${PODS_ROOT}/Manifest.lock\" > /dev/null\nif [ $? != 0 ] ; then\n    # print error to STDERR\n    echo \"error: The sandbox is not in sync with the Podfile.lock. Run 'pod install' or update your CocoaPods installation.\" >&2\n    exit 1\nfi\n";
			showEnvVarsInLog = 0;
		};
		9C7B897F9BC80BF298F2AEB3 /* [CP] Embed Pods Frameworks */ = {
			isa = PBXShellScriptBuildPhase;
			buildActionMask = 2147483647;
			files = (
			);
			inputPaths = (
			);
			name = "[CP] Embed Pods Frameworks";
			outputPaths = (
			);
			runOnlyForDeploymentPostprocessing = 0;
			shellPath = /bin/sh;
			shellScript = "\"${SRCROOT}/Pods/Target Support Files/Pods-MovieViewer/Pods-MovieViewer-frameworks.sh\"\n";
			showEnvVarsInLog = 0;
		};
/* End PBXShellScriptBuildPhase section */

/* Begin PBXSourcesBuildPhase section */
		995FAADD1DADC72700B9E722 /* Sources */ = {
			isa = PBXSourcesBuildPhase;
			buildActionMask = 2147483647;
			files = (
				995FAAE51DADC72700B9E722 /* AppDelegate.swift in Sources */,
				995FAAF71DADC79700B9E722 /* MoviesViewController.swift in Sources */,
				99DEFEAE1DB191DD0001BE4D /* MovieCollectionViewCell.swift in Sources */,
				995FAAFA1DADF9D000B9E722 /* MovieCell.swift in Sources */,
				99EE8BA01DAEB9DC00B0734C /* DetailViewController.swift in Sources */,
			);
			runOnlyForDeploymentPostprocessing = 0;
		};
/* End PBXSourcesBuildPhase section */

/* Begin PBXVariantGroup section */
		995FAAE81DADC72700B9E722 /* Main.storyboard */ = {
			isa = PBXVariantGroup;
			children = (
				995FAAE91DADC72700B9E722 /* Base */,
			);
			name = Main.storyboard;
			sourceTree = "<group>";
		};
		995FAAED1DADC72700B9E722 /* LaunchScreen.storyboard */ = {
			isa = PBXVariantGroup;
			children = (
				995FAAEE1DADC72700B9E722 /* Base */,
			);
			name = LaunchScreen.storyboard;
			sourceTree = "<group>";
		};
/* End PBXVariantGroup section */

/* Begin XCBuildConfiguration section */
		995FAAF11DADC72700B9E722 /* Debug */ = {
			isa = XCBuildConfiguration;
			buildSettings = {
				ALWAYS_SEARCH_USER_PATHS = NO;
				CLANG_ANALYZER_NONNULL = YES;
				CLANG_CXX_LANGUAGE_STANDARD = "gnu++0x";
				CLANG_CXX_LIBRARY = "libc++";
				CLANG_ENABLE_MODULES = YES;
				CLANG_ENABLE_OBJC_ARC = YES;
				CLANG_WARN_BOOL_CONVERSION = YES;
				CLANG_WARN_CONSTANT_CONVERSION = YES;
				CLANG_WARN_DIRECT_OBJC_ISA_USAGE = YES_ERROR;
				CLANG_WARN_DOCUMENTATION_COMMENTS = YES;
				CLANG_WARN_EMPTY_BODY = YES;
				CLANG_WARN_ENUM_CONVERSION = YES;
				CLANG_WARN_INFINITE_RECURSION = YES;
				CLANG_WARN_INT_CONVERSION = YES;
				CLANG_WARN_OBJC_ROOT_CLASS = YES_ERROR;
				CLANG_WARN_SUSPICIOUS_MOVES = YES;
				CLANG_WARN_UNREACHABLE_CODE = YES;
				CLANG_WARN__DUPLICATE_METHOD_MATCH = YES;
				"CODE_SIGN_IDENTITY[sdk=iphoneos*]" = "iPhone Developer";
				COPY_PHASE_STRIP = NO;
				DEBUG_INFORMATION_FORMAT = dwarf;
				ENABLE_STRICT_OBJC_MSGSEND = YES;
				ENABLE_TESTABILITY = YES;
				GCC_C_LANGUAGE_STANDARD = gnu99;
				GCC_DYNAMIC_NO_PIC = NO;
				GCC_NO_COMMON_BLOCKS = YES;
				GCC_OPTIMIZATION_LEVEL = 0;
				GCC_PREPROCESSOR_DEFINITIONS = (
					"DEBUG=1",
					"$(inherited)",
				);
				GCC_WARN_64_TO_32_BIT_CONVERSION = YES;
				GCC_WARN_ABOUT_RETURN_TYPE = YES_ERROR;
				GCC_WARN_UNDECLARED_SELECTOR = YES;
				GCC_WARN_UNINITIALIZED_AUTOS = YES_AGGRESSIVE;
				GCC_WARN_UNUSED_FUNCTION = YES;
				GCC_WARN_UNUSED_VARIABLE = YES;
				IPHONEOS_DEPLOYMENT_TARGET = 10.0;
				MTL_ENABLE_DEBUG_INFO = YES;
				ONLY_ACTIVE_ARCH = YES;
				SDKROOT = iphoneos;
				SWIFT_ACTIVE_COMPILATION_CONDITIONS = DEBUG;
				SWIFT_OPTIMIZATION_LEVEL = "-Onone";
				TARGETED_DEVICE_FAMILY = "1,2";
			};
			name = Debug;
		};
		995FAAF21DADC72700B9E722 /* Release */ = {
			isa = XCBuildConfiguration;
			buildSettings = {
				ALWAYS_SEARCH_USER_PATHS = NO;
				CLANG_ANALYZER_NONNULL = YES;
				CLANG_CXX_LANGUAGE_STANDARD = "gnu++0x";
				CLANG_CXX_LIBRARY = "libc++";
				CLANG_ENABLE_MODULES = YES;
				CLANG_ENABLE_OBJC_ARC = YES;
				CLANG_WARN_BOOL_CONVERSION = YES;
				CLANG_WARN_CONSTANT_CONVERSION = YES;
				CLANG_WARN_DIRECT_OBJC_ISA_USAGE = YES_ERROR;
				CLANG_WARN_DOCUMENTATION_COMMENTS = YES;
				CLANG_WARN_EMPTY_BODY = YES;
				CLANG_WARN_ENUM_CONVERSION = YES;
				CLANG_WARN_INFINITE_RECURSION = YES;
				CLANG_WARN_INT_CONVERSION = YES;
				CLANG_WARN_OBJC_ROOT_CLASS = YES_ERROR;
				CLANG_WARN_SUSPICIOUS_MOVES = YES;
				CLANG_WARN_UNREACHABLE_CODE = YES;
				CLANG_WARN__DUPLICATE_METHOD_MATCH = YES;
				"CODE_SIGN_IDENTITY[sdk=iphoneos*]" = "iPhone Developer";
				COPY_PHASE_STRIP = NO;
				DEBUG_INFORMATION_FORMAT = "dwarf-with-dsym";
				ENABLE_NS_ASSERTIONS = NO;
				ENABLE_STRICT_OBJC_MSGSEND = YES;
				GCC_C_LANGUAGE_STANDARD = gnu99;
				GCC_NO_COMMON_BLOCKS = YES;
				GCC_WARN_64_TO_32_BIT_CONVERSION = YES;
				GCC_WARN_ABOUT_RETURN_TYPE = YES_ERROR;
				GCC_WARN_UNDECLARED_SELECTOR = YES;
				GCC_WARN_UNINITIALIZED_AUTOS = YES_AGGRESSIVE;
				GCC_WARN_UNUSED_FUNCTION = YES;
				GCC_WARN_UNUSED_VARIABLE = YES;
				IPHONEOS_DEPLOYMENT_TARGET = 10.0;
				MTL_ENABLE_DEBUG_INFO = NO;
				SDKROOT = iphoneos;
				SWIFT_OPTIMIZATION_LEVEL = "-Owholemodule";
				TARGETED_DEVICE_FAMILY = "1,2";
				VALIDATE_PRODUCT = YES;
			};
			name = Release;
		};
		995FAAF41DADC72700B9E722 /* Debug */ = {
			isa = XCBuildConfiguration;
			baseConfigurationReference = 5E78203087265FFAB5A8AFFF /* Pods-MovieViewer.debug.xcconfig */;
			buildSettings = {
				ASSETCATALOG_COMPILER_APPICON_NAME = AppIcon;
				DEVELOPMENT_TEAM = 25UQP5NM3X;
				INFOPLIST_FILE = MovieViewer/Info.plist;
				LD_RUNPATH_SEARCH_PATHS = "$(inherited) @executable_path/Frameworks";
				PRODUCT_BUNDLE_IDENTIFIER = com.jagdeep.MovieViewer;
				PRODUCT_NAME = "$(TARGET_NAME)";
				SWIFT_VERSION = 3.0;
			};
			name = Debug;
		};
		995FAAF51DADC72700B9E722 /* Release */ = {
			isa = XCBuildConfiguration;
			baseConfigurationReference = 3021F94CBCD902837ADC2775 /* Pods-MovieViewer.release.xcconfig */;
			buildSettings = {
				ASSETCATALOG_COMPILER_APPICON_NAME = AppIcon;
				DEVELOPMENT_TEAM = 25UQP5NM3X;
				INFOPLIST_FILE = MovieViewer/Info.plist;
				LD_RUNPATH_SEARCH_PATHS = "$(inherited) @executable_path/Frameworks";
				PRODUCT_BUNDLE_IDENTIFIER = com.jagdeep.MovieViewer;
				PRODUCT_NAME = "$(TARGET_NAME)";
				SWIFT_VERSION = 3.0;
			};
			name = Release;
		};
/* End XCBuildConfiguration section */

/* Begin XCConfigurationList section */
		995FAADC1DADC72700B9E722 /* Build configuration list for PBXProject "MovieViewer" */ = {
			isa = XCConfigurationList;
			buildConfigurations = (
				995FAAF11DADC72700B9E722 /* Debug */,
				995FAAF21DADC72700B9E722 /* Release */,
			);
			defaultConfigurationIsVisible = 0;
			defaultConfigurationName = Release;
		};
		995FAAF31DADC72700B9E722 /* Build configuration list for PBXNativeTarget "MovieViewer" */ = {
			isa = XCConfigurationList;
			buildConfigurations = (
				995FAAF41DADC72700B9E722 /* Debug */,
				995FAAF51DADC72700B9E722 /* Release */,
			);
			defaultConfigurationIsVisible = 0;
			defaultConfigurationName = Release;
		};
/* End XCConfigurationList section */
	};
	rootObject = 995FAAD91DADC72700B9E722 /* Project object */;
}
